{
  "name": "BlockEstate",
  "lockfileVersion": 3,
  "requires": true,
  "packages": {
    "": {
      "dependencies": {
        "chainlink": "github:smartcontractkit/chainlink"
      }
    },
    "node_modules/chainlink": {
      "version": "2.28.0",
      "resolved": "git+ssh://git@github.com/smartcontractkit/chainlink.git#5d5d024f9ced77c18ec6274018527d2e3df06677",
      "engines": {
        "node": ">=18",
        "pnpm": ">=10"
      }
    }
  }
}
